{
  "name": "js-microbit-demo",
  "version": "1.0.0",
  "lockfileVersion": 3,
  "requires": true,
  "packages": {
    "": {
      "name": "js-microbit-demo",
      "version": "1.0.0",
      "license": "ISC",
      "dependencies": {
        "@types/w3c-web-usb": "^1.0.6",
        "@types/web-bluetooth": "^0.0.16",
        "dapjs": "^2.3.0",
        "typescript": "^4.9.5"
      }
    },
    "node_modules/@types/node": {
      "version": "18.11.18",
      "resolved": "https://registry.npmjs.org/@types/node/-/node-18.11.18.tgz",
      "integrity": "sha512-DHQpWGjyQKSHj3ebjFI/wRKcqQcdR+MoFBygntYOZytCqNfkd2ZC4ARDJ2DQqhjH5p85Nnd3jhUJIXrszFX/JA=="
    },
    "node_modules/@types/node-hid": {
      "version": "1.3.1",
      "resolved": "https://registry.npmjs.org/@types/node-hid/-/node-hid-1.3.1.tgz",
      "integrity": "sha512-VPxuGDCoDxOUKrTZPSok7IEmiK4cVLfj8Csu09FtG5uF+eqf1HETERHXQkO02Rk6j6YiiHxp0/DA9R4llvhEzQ==",
      "dependencies": {
        "@types/node": "*"
      }
    },
    "node_modules/@types/usb": {
      "version": "1.5.4",
      "resolved": "https://registry.npmjs.org/@types/usb/-/usb-1.5.4.tgz",
      "integrity": "sha512-NOUza/8yuswu6RoECQyPHEjA34qpDaeONQ72fm+bCnnN2DJjDePAY+NsmV17H88oIlq4JlJ2mD5Kh5d6R2MwTQ==",
      "dependencies": {
        "@types/node": "*"
      }
    },
    "node_modules/@types/w3c-web-usb": {
      "version": "1.0.6",
      "resolved": "https://registry.npmjs.org/@types/w3c-web-usb/-/w3c-web-usb-1.0.6.tgz",
      "integrity": "sha512-cSjhgrr8g4KbPnnijAr/KJDNKa/bBa+ixYkywFRvrhvi9n1WEl7yYbtRyzE6jqNQiSxxJxoAW3STaOQwJHndaw=="
    },
    "node_modules/@types/web-bluetooth": {
      "version": "0.0.16",
      "resolved": "https://registry.npmjs.org/@types/web-bluetooth/-/web-bluetooth-0.0.16.tgz",
      "integrity": "sha512-oh8q2Zc32S6gd/j50GowEjKLoOVOwHP/bWVjKJInBwQqdOYMdPrf1oVlelTlyfFK3CKxL1uahMDAr+vy8T7yMQ=="
    },
    "node_modules/dapjs": {
      "version": "2.3.0",
      "resolved": "https://registry.npmjs.org/dapjs/-/dapjs-2.3.0.tgz",
      "integrity": "sha512-quanzq7+2xnqgGqqYgARz9o3iBcZ3Ir5r5mTA7WPsjrp9ilEqqCToSFGTL+8HuGP35dUIL7O+yMBloYHhHgZDA==",
      "dependencies": {
        "@types/node-hid": "^1.2.0",
        "@types/usb": "^1.5.1",
        "@types/w3c-web-usb": "^1.0.4"
      },
      "engines": {
        "node": ">=8.14.0"
      }
    },
    "node_modules/typescript": {
      "version": "4.9.5",
      "resolved": "https://registry.npmjs.org/typescript/-/typescript-4.9.5.tgz",
      "integrity": "sha512-1FXk9E2Hm+QzZQ7z+McJiHL4NW1F2EzMu9Nq9i3zAaGqibafqYwCVU6WyWAuyQRRzOlxou8xZSyXLEN8oKj24g==",
      "bin": {
        "tsc": "bin/tsc",
        "tsserver": "bin/tsserver"
      },
      "engines": {
        "node": ">=4.2.0"
      }
    }
  }
}
